
Microsoft Visual Studio Solution File, Format Version 12.00
# Visual Studio Version 17
VisualStudioVersion = 17.10.35013.160
MinimumVisualStudioVersion = 10.0.40219.1
Project("{8BC9CEB8-8B4A-11D0-8D11-00A0C91BC942}") = "GameServer", "GameServer\GameServer.vcxproj", "{5F170422-89E6-4181-8CC1-F9E1448A4400}"
EndProject
Project("{8BC9CEB8-8B4A-11D0-8D11-00A0C91BC942}") = "ServerCore", "ServerCore\ServerCore.vcxproj", "{04838F99-5129-465D-B358-E7C4BC17B946}"
EndProject
Project("{9A19103F-16F7-4668-BE54-9A1E7A4F7556}") = "API", "API\API.csproj", "{28778192-F07E-4D81-8DC8-5695D6D59AD1}"
EndProject
Project("{888888A0-9F3D-457C-B088-3A5042F75D52}") = "PacketGenerator", "Tools\PacketGenerator\PacketGenerator.pyproj", "{7FDA1F6F-FC72-427F-91C9-44F70F409E91}"
EndProject
Project("{2150E333-8FDC-42A3-9474-1A3956D46DE8}") = "Tools", "Tools", "{E084CE59-9CDB-464B-8C76-48A8EB554F5B}"
EndProject
Project("{888888A0-9F3D-457C-B088-3A5042F75D52}") = "ModelGenerator", "Tools\ModelGenerator\ModelGenerator.pyproj", "{5D41832E-2DCE-4E4F-AB75-79DB30BD5C53}"
EndProject
Project("{888888A0-9F3D-457C-B088-3A5042F75D52}") = "ORMGenerator", "Tools\ORMGenerator\ORMGenerator.pyproj", "{82D4D711-0D39-416D-8B7E-9F529C98FF51}"
EndProject
Global
	GlobalSection(SolutionConfigurationPlatforms) = preSolution
		Debug|Any CPU = Debug|Any CPU
		Debug|x64 = Debug|x64
		Release|Any CPU = Release|Any CPU
		Release|x64 = Release|x64
	EndGlobalSection
	GlobalSection(ProjectConfigurationPlatforms) = postSolution
		{5F170422-89E6-4181-8CC1-F9E1448A4400}.Debug|Any CPU.ActiveCfg = Debug|x64
		{5F170422-89E6-4181-8CC1-F9E1448A4400}.Debug|Any CPU.Build.0 = Debug|x64
		{5F170422-89E6-4181-8CC1-F9E1448A4400}.Debug|x64.ActiveCfg = Debug|x64
		{5F170422-89E6-4181-8CC1-F9E1448A4400}.Debug|x64.Build.0 = Debug|x64
		{5F170422-89E6-4181-8CC1-F9E1448A4400}.Release|Any CPU.ActiveCfg = Release|x64
		{5F170422-89E6-4181-8CC1-F9E1448A4400}.Release|Any CPU.Build.0 = Release|x64
		{5F170422-89E6-4181-8CC1-F9E1448A4400}.Release|x64.ActiveCfg = Release|x64
		{5F170422-89E6-4181-8CC1-F9E1448A4400}.Release|x64.Build.0 = Release|x64
		{04838F99-5129-465D-B358-E7C4BC17B946}.Debug|Any CPU.ActiveCfg = Debug|x64
		{04838F99-5129-465D-B358-E7C4BC17B946}.Debug|Any CPU.Build.0 = Debug|x64
		{04838F99-5129-465D-B358-E7C4BC17B946}.Debug|x64.ActiveCfg = Debug|x64
		{04838F99-5129-465D-B358-E7C4BC17B946}.Debug|x64.Build.0 = Debug|x64
		{04838F99-5129-465D-B358-E7C4BC17B946}.Release|Any CPU.ActiveCfg = Release|x64
		{04838F99-5129-465D-B358-E7C4BC17B946}.Release|Any CPU.Build.0 = Release|x64
		{04838F99-5129-465D-B358-E7C4BC17B946}.Release|x64.ActiveCfg = Release|x64
		{04838F99-5129-465D-B358-E7C4BC17B946}.Release|x64.Build.0 = Release|x64
		{28778192-F07E-4D81-8DC8-5695D6D59AD1}.Debug|Any CPU.ActiveCfg = Debug|Any CPU
		{28778192-F07E-4D81-8DC8-5695D6D59AD1}.Debug|Any CPU.Build.0 = Debug|Any CPU
		{28778192-F07E-4D81-8DC8-5695D6D59AD1}.Debug|x64.ActiveCfg = Debug|Any CPU
		{28778192-F07E-4D81-8DC8-5695D6D59AD1}.Debug|x64.Build.0 = Debug|Any CPU
		{28778192-F07E-4D81-8DC8-5695D6D59AD1}.Release|Any CPU.ActiveCfg = Release|Any CPU
		{28778192-F07E-4D81-8DC8-5695D6D59AD1}.Release|Any CPU.Build.0 = Release|Any CPU
		{28778192-F07E-4D81-8DC8-5695D6D59AD1}.Release|x64.ActiveCfg = Release|Any CPU
		{28778192-F07E-4D81-8DC8-5695D6D59AD1}.Release|x64.Build.0 = Release|Any CPU
		{7FDA1F6F-FC72-427F-91C9-44F70F409E91}.Debug|Any CPU.ActiveCfg = Debug|Any CPU
		{7FDA1F6F-FC72-427F-91C9-44F70F409E91}.Debug|x64.ActiveCfg = Debug|Any CPU
		{7FDA1F6F-FC72-427F-91C9-44F70F409E91}.Release|Any CPU.ActiveCfg = Release|Any CPU
		{7FDA1F6F-FC72-427F-91C9-44F70F409E91}.Release|x64.ActiveCfg = Release|Any CPU
		{5D41832E-2DCE-4E4F-AB75-79DB30BD5C53}.Debug|Any CPU.ActiveCfg = Debug|Any CPU
		{5D41832E-2DCE-4E4F-AB75-79DB30BD5C53}.Debug|x64.ActiveCfg = Debug|Any CPU
		{5D41832E-2DCE-4E4F-AB75-79DB30BD5C53}.Release|Any CPU.ActiveCfg = Release|Any CPU
		{5D41832E-2DCE-4E4F-AB75-79DB30BD5C53}.Release|x64.ActiveCfg = Release|Any CPU
		{82D4D711-0D39-416D-8B7E-9F529C98FF51}.Debug|Any CPU.ActiveCfg = Debug|Any CPU
		{82D4D711-0D39-416D-8B7E-9F529C98FF51}.Debug|x64.ActiveCfg = Debug|Any CPU
		{82D4D711-0D39-416D-8B7E-9F529C98FF51}.Release|Any CPU.ActiveCfg = Release|Any CPU
		{82D4D711-0D39-416D-8B7E-9F529C98FF51}.Release|x64.ActiveCfg = Release|Any CPU
	EndGlobalSection
	GlobalSection(SolutionProperties) = preSolution
		HideSolutionNode = FALSE
	EndGlobalSection
	GlobalSection(NestedProjects) = preSolution
		{7FDA1F6F-FC72-427F-91C9-44F70F409E91} = {E084CE59-9CDB-464B-8C76-48A8EB554F5B}
		{5D41832E-2DCE-4E4F-AB75-79DB30BD5C53} = {E084CE59-9CDB-464B-8C76-48A8EB554F5B}
		{82D4D711-0D39-416D-8B7E-9F529C98FF51} = {E084CE59-9CDB-464B-8C76-48A8EB554F5B}
	EndGlobalSection
	GlobalSection(ExtensibilityGlobals) = postSolution
		SolutionGuid = {B97DE5F9-6982-4268-A4E7-E2F3FCCB9AD8}
	EndGlobalSection
EndGlobal
