
Microsoft Visual Studio Solution File, Format Version 12.00
# Visual Studio Version 17
VisualStudioVersion = 17.10.35013.160
MinimumVisualStudioVersion = 10.0.40219.1
Project("{8BC9CEB8-8B4A-11D0-8D11-00A0C91BC942}") = "GameServer", "GameServer\GameServer.vcxproj", "{5F170422-89E6-4181-8CC1-F9E1448A4400}"
EndProject
Project("{8BC9CEB8-8B4A-11D0-8D11-00A0C91BC942}") = "ServerCore", "ServerCore\ServerCore.vcxproj", "{04838F99-5129-465D-B358-E7C4BC17B946}"
EndProject
Project("{9A19103F-16F7-4668-BE54-9A1E7A4F7556}") = "API", "API\API.csproj", "{28778192-F07E-4D81-8DC8-5695D6D59AD1}"
EndProject
Project("{8BC9CEB8-8B4A-11D0-8D11-00A0C91BC942}") = "DummyClient", "DummyClient\DummyClient.vcxproj", "{A88FBBB8-5AD5-4897-A08B-647C43D0190F}"
EndProject
Global
	GlobalSection(SolutionConfigurationPlatforms) = preSolution
		Debug|Any CPU = Debug|Any CPU
		Debug|x64 = Debug|x64
		Debug|x86 = Debug|x86
		Release|Any CPU = Release|Any CPU
		Release|x64 = Release|x64
		Release|x86 = Release|x86
	EndGlobalSection
	GlobalSection(ProjectConfigurationPlatforms) = postSolution
		{5F170422-89E6-4181-8CC1-F9E1448A4400}.Debug|Any CPU.ActiveCfg = Debug|x64
		{5F170422-89E6-4181-8CC1-F9E1448A4400}.Debug|Any CPU.Build.0 = Debug|x64
		{5F170422-89E6-4181-8CC1-F9E1448A4400}.Debug|x64.ActiveCfg = Debug|x64
		{5F170422-89E6-4181-8CC1-F9E1448A4400}.Debug|x64.Build.0 = Debug|x64
		{5F170422-89E6-4181-8CC1-F9E1448A4400}.Debug|x86.ActiveCfg = Debug|Win32
		{5F170422-89E6-4181-8CC1-F9E1448A4400}.Debug|x86.Build.0 = Debug|Win32
		{5F170422-89E6-4181-8CC1-F9E1448A4400}.Release|Any CPU.ActiveCfg = Release|x64
		{5F170422-89E6-4181-8CC1-F9E1448A4400}.Release|Any CPU.Build.0 = Release|x64
		{5F170422-89E6-4181-8CC1-F9E1448A4400}.Release|x64.ActiveCfg = Release|x64
		{5F170422-89E6-4181-8CC1-F9E1448A4400}.Release|x64.Build.0 = Release|x64
		{5F170422-89E6-4181-8CC1-F9E1448A4400}.Release|x86.ActiveCfg = Release|Win32
		{5F170422-89E6-4181-8CC1-F9E1448A4400}.Release|x86.Build.0 = Release|Win32
		{04838F99-5129-465D-B358-E7C4BC17B946}.Debug|Any CPU.ActiveCfg = Debug|x64
		{04838F99-5129-465D-B358-E7C4BC17B946}.Debug|Any CPU.Build.0 = Debug|x64
		{04838F99-5129-465D-B358-E7C4BC17B946}.Debug|x64.ActiveCfg = Debug|x64
		{04838F99-5129-465D-B358-E7C4BC17B946}.Debug|x64.Build.0 = Debug|x64
		{04838F99-5129-465D-B358-E7C4BC17B946}.Debug|x86.ActiveCfg = Debug|Win32
		{04838F99-5129-465D-B358-E7C4BC17B946}.Debug|x86.Build.0 = Debug|Win32
		{04838F99-5129-465D-B358-E7C4BC17B946}.Release|Any CPU.ActiveCfg = Release|x64
		{04838F99-5129-465D-B358-E7C4BC17B946}.Release|Any CPU.Build.0 = Release|x64
		{04838F99-5129-465D-B358-E7C4BC17B946}.Release|x64.ActiveCfg = Release|x64
		{04838F99-5129-465D-B358-E7C4BC17B946}.Release|x64.Build.0 = Release|x64
		{04838F99-5129-465D-B358-E7C4BC17B946}.Release|x86.ActiveCfg = Release|Win32
		{04838F99-5129-465D-B358-E7C4BC17B946}.Release|x86.Build.0 = Release|Win32
		{28778192-F07E-4D81-8DC8-5695D6D59AD1}.Debug|Any CPU.ActiveCfg = Debug|Any CPU
		{28778192-F07E-4D81-8DC8-5695D6D59AD1}.Debug|Any CPU.Build.0 = Debug|Any CPU
		{28778192-F07E-4D81-8DC8-5695D6D59AD1}.Debug|x64.ActiveCfg = Debug|Any CPU
		{28778192-F07E-4D81-8DC8-5695D6D59AD1}.Debug|x64.Build.0 = Debug|Any CPU
		{28778192-F07E-4D81-8DC8-5695D6D59AD1}.Debug|x86.ActiveCfg = Debug|Any CPU
		{28778192-F07E-4D81-8DC8-5695D6D59AD1}.Debug|x86.Build.0 = Debug|Any CPU
		{28778192-F07E-4D81-8DC8-5695D6D59AD1}.Release|Any CPU.ActiveCfg = Release|Any CPU
		{28778192-F07E-4D81-8DC8-5695D6D59AD1}.Release|Any CPU.Build.0 = Release|Any CPU
		{28778192-F07E-4D81-8DC8-5695D6D59AD1}.Release|x64.ActiveCfg = Release|Any CPU
		{28778192-F07E-4D81-8DC8-5695D6D59AD1}.Release|x64.Build.0 = Release|Any CPU
		{28778192-F07E-4D81-8DC8-5695D6D59AD1}.Release|x86.ActiveCfg = Release|Any CPU
		{28778192-F07E-4D81-8DC8-5695D6D59AD1}.Release|x86.Build.0 = Release|Any CPU
		{A88FBBB8-5AD5-4897-A08B-647C43D0190F}.Debug|Any CPU.ActiveCfg = Debug|x64
		{A88FBBB8-5AD5-4897-A08B-647C43D0190F}.Debug|Any CPU.Build.0 = Debug|x64
		{A88FBBB8-5AD5-4897-A08B-647C43D0190F}.Debug|x64.ActiveCfg = Debug|x64
		{A88FBBB8-5AD5-4897-A08B-647C43D0190F}.Debug|x64.Build.0 = Debug|x64
		{A88FBBB8-5AD5-4897-A08B-647C43D0190F}.Debug|x86.ActiveCfg = Debug|Win32
		{A88FBBB8-5AD5-4897-A08B-647C43D0190F}.Debug|x86.Build.0 = Debug|Win32
		{A88FBBB8-5AD5-4897-A08B-647C43D0190F}.Release|Any CPU.ActiveCfg = Release|x64
		{A88FBBB8-5AD5-4897-A08B-647C43D0190F}.Release|Any CPU.Build.0 = Release|x64
		{A88FBBB8-5AD5-4897-A08B-647C43D0190F}.Release|x64.ActiveCfg = Release|x64
		{A88FBBB8-5AD5-4897-A08B-647C43D0190F}.Release|x64.Build.0 = Release|x64
		{A88FBBB8-5AD5-4897-A08B-647C43D0190F}.Release|x86.ActiveCfg = Release|Win32
		{A88FBBB8-5AD5-4897-A08B-647C43D0190F}.Release|x86.Build.0 = Release|Win32
	EndGlobalSection
	GlobalSection(SolutionProperties) = preSolution
		HideSolutionNode = FALSE
	EndGlobalSection
	GlobalSection(ExtensibilityGlobals) = postSolution
		SolutionGuid = {B97DE5F9-6982-4268-A4E7-E2F3FCCB9AD8}
	EndGlobalSection
EndGlobal
