<?xml version="1.0" encoding="utf-8"?>
<Project ToolsVersion="4.0" xmlns="http://schemas.microsoft.com/developer/msbuild/2003">
  <ItemGroup>
    <Filter Include="Source Files">
      <UniqueIdentifier>{4FC737F1-C7A5-4376-A066-2A32D752A2FF}</UniqueIdentifier>
      <Extensions>cpp;c;cc;cxx;c++;cppm;ixx;def;odl;idl;hpj;bat;asm;asmx</Extensions>
    </Filter>
    <Filter Include="Header Files">
      <UniqueIdentifier>{93995380-89BD-4b04-88EB-625FBE52EBFB}</UniqueIdentifier>
      <Extensions>h;hh;hpp;hxx;h++;hm;inl;inc;ipp;xsd</Extensions>
    </Filter>
    <Filter Include="Resource Files">
      <UniqueIdentifier>{67DA6AB6-F800-4c08-8B7A-83BB121AAD01}</UniqueIdentifier>
      <Extensions>rc;ico;cur;bmp;dlg;rc2;rct;bin;rgs;gif;jpg;jpeg;jpe;resx;tiff;tif;png;wav;mfcribbon-ms</Extensions>
    </Filter>
    <Filter Include="DB">
      <UniqueIdentifier>{a58a4554-b5bd-4f09-809d-a54905ba2512}</UniqueIdentifier>
    </Filter>
    <Filter Include="DB\ORM">
      <UniqueIdentifier>{68b2696f-8fd2-4f89-bfe1-bc82c5370290}</UniqueIdentifier>
    </Filter>
    <Filter Include="Protocol">
      <UniqueIdentifier>{e65d592f-2c76-4fd1-87c1-93a84bb7f980}</UniqueIdentifier>
    </Filter>
  </ItemGroup>
  <ItemGroup>
    <ClCompile Include="pch.cpp" />
    <ClCompile Include="ClientSession.cpp" />
    <ClCompile Include="main.cpp" />
    <ClCompile Include="ServerService.cpp" />
    <ClCompile Include="Temp\Temp.cpp" />
    <ClCompile Include="WebServerTest.cpp" />
    <ClCompile Include="Network\PacketHandler.cpp">
      <Filter>Source Files</Filter>
    </ClCompile>
    <ClCompile Include="Network\Protocol\Enum.pb.cc">
      <Filter>Protocol</Filter>
    </ClCompile>
    <ClCompile Include="Network\Protocol\Protocol.pb.cc">
      <Filter>Protocol</Filter>
    </ClCompile>
    <ClCompile Include="Network\Protocol\Struct.pb.cc">
      <Filter>Protocol</Filter>
    </ClCompile>
  </ItemGroup>
  <ItemGroup>
    <ClInclude Include="DB\ORM\auth_key_orm.hpp">
      <Filter>DB\ORM</Filter>
    </ClInclude>
    <ClInclude Include="DB\ORM\item_accessory_orm.hpp">
      <Filter>DB\ORM</Filter>
    </ClInclude>
    <ClInclude Include="DB\ORM\item_armor_orm.hpp">
      <Filter>DB\ORM</Filter>
    </ClInclude>
    <ClInclude Include="DB\ORM\item_weapon_orm.hpp">
      <Filter>DB\ORM</Filter>
    </ClInclude>
    <ClInclude Include="DB\ORM\user_account_orm.hpp">
      <Filter>DB\ORM</Filter>
    </ClInclude>
    <ClInclude Include="DB\ORM\user_character_orm.hpp">
      <Filter>DB\ORM</Filter>
    </ClInclude>
    <ClInclude Include="DB\ORM\user_inventory_orm.hpp">
      <Filter>DB\ORM</Filter>
    </ClInclude>
    <ClInclude Include="DB\ORM\user_test_orm.hpp">
      <Filter>DB\ORM</Filter>
    </ClInclude>
    <ClInclude Include="pch.h" />
    <ClInclude Include="WebServerTest.h" />
    <ClInclude Include="ClientSession.h" />
    <ClInclude Include="ServerService.h" />
    <ClInclude Include="Temp\Temp.h" />
    <ClInclude Include="DB\TableSchemas\user_accounts.h" />
    <ClInclude Include="Network\PacketHandler.h">
      <Filter>Header Files</Filter>
    </ClInclude>
    <ClInclude Include="Network\Protocol\Enum.pb.h">
      <Filter>Protocol</Filter>
    </ClInclude>
    <ClInclude Include="Network\Protocol\Protocol.pb.h">
      <Filter>Protocol</Filter>
    </ClInclude>
    <ClInclude Include="Network\Protocol\Struct.pb.h">
      <Filter>Protocol</Filter>
    </ClInclude>
    <ClInclude Include="LibraryLinkage.h">
      <Filter>Header Files</Filter>
    </ClInclude>
  </ItemGroup>
</Project>