<?xml version="1.0" encoding="utf-8"?>
<Project ToolsVersion="4.0" xmlns="http://schemas.microsoft.com/developer/msbuild/2003">
  <ItemGroup>
    <Filter Include="Source Files">
      <UniqueIdentifier>{4FC737F1-C7A5-4376-A066-2A32D752A2FF}</UniqueIdentifier>
      <Extensions>cpp;c;cc;cxx;c++;cppm;ixx;def;odl;idl;hpj;bat;asm;asmx</Extensions>
    </Filter>
    <Filter Include="Header Files">
      <UniqueIdentifier>{93995380-89BD-4b04-88EB-625FBE52EBFB}</UniqueIdentifier>
      <Extensions>h;hh;hpp;hxx;h++;hm;inl;inc;ipp;xsd</Extensions>
    </Filter>
    <Filter Include="Resource Files">
      <UniqueIdentifier>{67DA6AB6-F800-4c08-8B7A-83BB121AAD01}</UniqueIdentifier>
      <Extensions>rc;ico;cur;bmp;dlg;rc2;rct;bin;rgs;gif;jpg;jpeg;jpe;resx;tiff;tif;png;wav;mfcribbon-ms</Extensions>
    </Filter>
    <Filter Include="Core">
      <UniqueIdentifier>{ad5d71be-7d05-432f-a4c6-0ecf20dfd8b7}</UniqueIdentifier>
    </Filter>
    <Filter Include="Job">
      <UniqueIdentifier>{172f9e89-f789-4646-9233-cf82f655bebb}</UniqueIdentifier>
    </Filter>
    <Filter Include="DB">
      <UniqueIdentifier>{67e1e182-0834-4f63-b4e0-7245925b6fd8}</UniqueIdentifier>
    </Filter>
    <Filter Include="DB\test">
      <UniqueIdentifier>{9a1dda74-2296-4e5c-9c9a-b5ece910a871}</UniqueIdentifier>
    </Filter>
    <Filter Include="Log">
      <UniqueIdentifier>{b8ec3b5d-0485-470a-aee7-3286696f3396}</UniqueIdentifier>
    </Filter>
    <Filter Include="Memory">
      <UniqueIdentifier>{65471116-b6d7-4f9c-9f4d-83a7ba1937e8}</UniqueIdentifier>
    </Filter>
    <Filter Include="Thread">
      <UniqueIdentifier>{924f753a-8bc8-4b7d-99b5-d4b947ac5dd8}</UniqueIdentifier>
    </Filter>
    <Filter Include="Network">
      <UniqueIdentifier>{96eb5fa2-6bfa-4f65-9b19-00290da3a55b}</UniqueIdentifier>
    </Filter>
    <Filter Include="Util">
      <UniqueIdentifier>{db11ddda-7787-4b44-bef8-9b93ab625d3f}</UniqueIdentifier>
    </Filter>
  </ItemGroup>
  <ItemGroup>
    <ClInclude Include="Core\Core.h">
      <Filter>Core</Filter>
    </ClInclude>
    <ClInclude Include="Core\CoreMacro.h">
      <Filter>Core</Filter>
    </ClInclude>
    <ClInclude Include="Core\CoreTLS.h">
      <Filter>Core</Filter>
    </ClInclude>
    <ClInclude Include="Core\Types.h">
      <Filter>Core</Filter>
    </ClInclude>
    <ClInclude Include="Job\GlobalQueue.h">
      <Filter>Job</Filter>
    </ClInclude>
    <ClInclude Include="Job\Job.h">
      <Filter>Job</Filter>
    </ClInclude>
    <ClInclude Include="Job\JobData.h">
      <Filter>Job</Filter>
    </ClInclude>
    <ClInclude Include="Job\JobQueue.h">
      <Filter>Job</Filter>
    </ClInclude>
    <ClInclude Include="Job\JobTimer.h">
      <Filter>Job</Filter>
    </ClInclude>
    <ClInclude Include="Job\TimerItem.h">
      <Filter>Job</Filter>
    </ClInclude>
    <ClInclude Include="DB\MySqlConnectionPool.h">
      <Filter>DB</Filter>
    </ClInclude>
    <ClInclude Include="DB\test\user.h">
      <Filter>DB\test</Filter>
    </ClInclude>
    <ClInclude Include="Log\ConsoleLog.h">
      <Filter>Log</Filter>
    </ClInclude>
    <ClInclude Include="Memory\BaseAllocator.h">
      <Filter>Memory</Filter>
    </ClInclude>
    <ClInclude Include="Memory\Container.h">
      <Filter>Memory</Filter>
    </ClInclude>
    <ClInclude Include="Memory\MemoryHeader.h">
      <Filter>Memory</Filter>
    </ClInclude>
    <ClInclude Include="Memory\MemoryManager.h">
      <Filter>Memory</Filter>
    </ClInclude>
    <ClInclude Include="Memory\MemoryPool.h">
      <Filter>Memory</Filter>
    </ClInclude>
    <ClInclude Include="Memory\ObjectPool.h">
      <Filter>Memory</Filter>
    </ClInclude>
    <ClInclude Include="Memory\PoolAllocator.h">
      <Filter>Memory</Filter>
    </ClInclude>
    <ClInclude Include="Memory\STL_Allocator.h">
      <Filter>Memory</Filter>
    </ClInclude>
    <ClInclude Include="Memory\StompAllocator.h">
      <Filter>Memory</Filter>
    </ClInclude>
    <ClInclude Include="Memory\TypeCast.h">
      <Filter>Memory</Filter>
    </ClInclude>
    <ClInclude Include="Network\ClientService.h">
      <Filter>Network</Filter>
    </ClInclude>
    <ClInclude Include="Network\IDispatchable.h">
      <Filter>Network</Filter>
    </ClInclude>
    <ClInclude Include="Network\IocpEvent.h">
      <Filter>Network</Filter>
    </ClInclude>
    <ClInclude Include="Network\IocpService.h">
      <Filter>Network</Filter>
    </ClInclude>
    <ClInclude Include="Network\Listener.h">
      <Filter>Network</Filter>
    </ClInclude>
    <ClInclude Include="Network\NetAddress.h">
      <Filter>Network</Filter>
    </ClInclude>
    <ClInclude Include="Network\PacketHeader.h">
      <Filter>Network</Filter>
    </ClInclude>
    <ClInclude Include="Network\PacketSession.h">
      <Filter>Network</Filter>
    </ClInclude>
    <ClInclude Include="Network\RecvBuffer.h">
      <Filter>Network</Filter>
    </ClInclude>
    <ClInclude Include="Network\SendBuffer.h">
      <Filter>Network</Filter>
    </ClInclude>
    <ClInclude Include="Network\SendBufferChunk.h">
      <Filter>Network</Filter>
    </ClInclude>
    <ClInclude Include="Network\SendBufferManager.h">
      <Filter>Network</Filter>
    </ClInclude>
    <ClInclude Include="Network\ServerService.h">
      <Filter>Network</Filter>
    </ClInclude>
    <ClInclude Include="Network\Service.h">
      <Filter>Network</Filter>
    </ClInclude>
    <ClInclude Include="Network\Session.h">
      <Filter>Network</Filter>
    </ClInclude>
    <ClInclude Include="Network\SocketUtils.h">
      <Filter>Network</Filter>
    </ClInclude>
    <ClInclude Include="Util\BufferReader.h">
      <Filter>Util</Filter>
    </ClInclude>
    <ClInclude Include="Util\BufferWriter.h">
      <Filter>Util</Filter>
    </ClInclude>
    <ClInclude Include="Util\FileUtils.h">
      <Filter>Util</Filter>
    </ClInclude>
    <ClInclude Include="Util\LockFreeQueue.h">
      <Filter>Util</Filter>
    </ClInclude>
    <ClInclude Include="Util\LockFreeStack.h">
      <Filter>Util</Filter>
    </ClInclude>
    <ClInclude Include="Util\LockQueue.h">
      <Filter>Util</Filter>
    </ClInclude>
    <ClInclude Include="Util\Path.h">
      <Filter>Util</Filter>
    </ClInclude>
    <ClInclude Include="Util\Time.h">
      <Filter>Util</Filter>
    </ClInclude>
    <ClInclude Include="Thread\DeadLockProfiler.h">
      <Filter>Thread</Filter>
    </ClInclude>
    <ClInclude Include="Thread\Lock.h">
      <Filter>Thread</Filter>
    </ClInclude>
    <ClInclude Include="Thread\ThreadManager.h">
      <Filter>Thread</Filter>
    </ClInclude>
    <ClInclude Include="Core\GlobalInitializer.h">
      <Filter>Header Files</Filter>
    </ClInclude>
  </ItemGroup>
  <ItemGroup>
    <ClCompile Include="Core\Core.cpp">
      <Filter>Core</Filter>
    </ClCompile>
    <ClCompile Include="Core\CoreTLS.cpp">
      <Filter>Core</Filter>
    </ClCompile>
    <ClCompile Include="Core\GlobalInitializer.cpp">
      <Filter>Core</Filter>
    </ClCompile>
    <ClCompile Include="Job\GlobalQueue.cpp">
      <Filter>Job</Filter>
    </ClCompile>
    <ClCompile Include="Job\JobData.cpp">
      <Filter>Job</Filter>
    </ClCompile>
    <ClCompile Include="Job\JobQueue.cpp">
      <Filter>Job</Filter>
    </ClCompile>
    <ClCompile Include="Job\JobTimer.cpp">
      <Filter>Job</Filter>
    </ClCompile>
    <ClCompile Include="Job\TimerItem.cpp">
      <Filter>Job</Filter>
    </ClCompile>
    <ClCompile Include="DB\MySqlConnectionPool.cpp">
      <Filter>DB</Filter>
    </ClCompile>
    <ClCompile Include="Log\ConsoleLog.cpp">
      <Filter>Log</Filter>
    </ClCompile>
    <ClCompile Include="Memory\BaseAllocator.cpp">
      <Filter>Memory</Filter>
    </ClCompile>
    <ClCompile Include="Memory\MemoryManager.cpp">
      <Filter>Memory</Filter>
    </ClCompile>
    <ClCompile Include="Memory\MemoryPool.cpp">
      <Filter>Memory</Filter>
    </ClCompile>
    <ClCompile Include="Memory\PoolAllocator.cpp">
      <Filter>Memory</Filter>
    </ClCompile>
    <ClCompile Include="Memory\StompAllocator.cpp">
      <Filter>Memory</Filter>
    </ClCompile>
    <ClCompile Include="Network\ClientService.cpp">
      <Filter>Network</Filter>
    </ClCompile>
    <ClCompile Include="Network\IocpEvent.cpp">
      <Filter>Network</Filter>
    </ClCompile>
    <ClCompile Include="Network\IocpService.cpp">
      <Filter>Network</Filter>
    </ClCompile>
    <ClCompile Include="Network\Listener.cpp">
      <Filter>Network</Filter>
    </ClCompile>
    <ClCompile Include="Network\NetAddress.cpp">
      <Filter>Network</Filter>
    </ClCompile>
    <ClCompile Include="Network\PacketSession.cpp">
      <Filter>Network</Filter>
    </ClCompile>
    <ClCompile Include="Network\RecvBuffer.cpp">
      <Filter>Network</Filter>
    </ClCompile>
    <ClCompile Include="Network\SendBuffer.cpp">
      <Filter>Network</Filter>
    </ClCompile>
    <ClCompile Include="Network\SendBufferChunk.cpp">
      <Filter>Network</Filter>
    </ClCompile>
    <ClCompile Include="Network\SendBufferManager.cpp">
      <Filter>Network</Filter>
    </ClCompile>
    <ClCompile Include="Network\ServerService.cpp">
      <Filter>Network</Filter>
    </ClCompile>
    <ClCompile Include="Network\Service.cpp">
      <Filter>Network</Filter>
    </ClCompile>
    <ClCompile Include="Network\Session.cpp">
      <Filter>Network</Filter>
    </ClCompile>
    <ClCompile Include="Network\SocketUtils.cpp">
      <Filter>Network</Filter>
    </ClCompile>
    <ClCompile Include="Util\BufferReader.cpp">
      <Filter>Util</Filter>
    </ClCompile>
    <ClCompile Include="Util\BufferWriter.cpp">
      <Filter>Util</Filter>
    </ClCompile>
    <ClCompile Include="Util\FileUtils.cpp">
      <Filter>Util</Filter>
    </ClCompile>
    <ClCompile Include="Util\Path.cpp">
      <Filter>Util</Filter>
    </ClCompile>
    <ClCompile Include="Util\Time.cpp">
      <Filter>Util</Filter>
    </ClCompile>
    <ClCompile Include="Thread\DeadLockProfiler.cpp">
      <Filter>Thread</Filter>
    </ClCompile>
    <ClCompile Include="Thread\Lock.cpp">
      <Filter>Thread</Filter>
    </ClCompile>
    <ClCompile Include="Thread\ThreadManager.cpp">
      <Filter>Thread</Filter>
    </ClCompile>
  </ItemGroup>
</Project>